// !$*UTF8*$!
{
	archiveVersion = 1;
	classes = {
	};
	objectVersion = 50;
	objects = {

/* Begin PBXBuildFile section */
		57043E9925865C2D005773B7 /* ProfileView.swift in Sources */ = {isa = PBXBuildFile; fileRef = 57043E9825865C2D005773B7 /* ProfileView.swift */; };
		5729C53B25864DC100AB07E1 /* ForgotPasswordView.swift in Sources */ = {isa = PBXBuildFile; fileRef = 5729C53A25864DC100AB07E1 /* ForgotPasswordView.swift */; };
		5771D6EE25853E3A006F3D9A /* AppDelegate.swift in Sources */ = {isa = PBXBuildFile; fileRef = 5771D6ED25853E3A006F3D9A /* AppDelegate.swift */; };
		5771D6F025853E3A006F3D9A /* SceneDelegate.swift in Sources */ = {isa = PBXBuildFile; fileRef = 5771D6EF25853E3A006F3D9A /* SceneDelegate.swift */; };
		5771D6F225853E3A006F3D9A /* ViewController.swift in Sources */ = {isa = PBXBuildFile; fileRef = 5771D6F125853E3A006F3D9A /* ViewController.swift */; };
		5771D6F525853E3A006F3D9A /* Main.storyboard in Resources */ = {isa = PBXBuildFile; fileRef = 5771D6F325853E3A006F3D9A /* Main.storyboard */; };
		5771D6F725853E3B006F3D9A /* Assets.xcassets in Resources */ = {isa = PBXBuildFile; fileRef = 5771D6F625853E3B006F3D9A /* Assets.xcassets */; };
		5771D6FA25853E3B006F3D9A /* LaunchScreen.storyboard in Resources */ = {isa = PBXBuildFile; fileRef = 5771D6F825853E3B006F3D9A /* LaunchScreen.storyboard */; };
/* End PBXBuildFile section */

/* Begin PBXFileReference section */
		57043E9825865C2D005773B7 /* ProfileView.swift */ = {isa = PBXFileReference; lastKnownFileType = sourcecode.swift; path = ProfileView.swift; sourceTree = "<group>"; };
		5729C53A25864DC100AB07E1 /* ForgotPasswordView.swift */ = {isa = PBXFileReference; lastKnownFileType = sourcecode.swift; path = ForgotPasswordView.swift; sourceTree = "<group>"; };
		5771D6EA25853E3A006F3D9A /* Authentication.app */ = {isa = PBXFileReference; explicitFileType = wrapper.application; includeInIndex = 0; path = Authentication.app; sourceTree = BUILT_PRODUCTS_DIR; };
		5771D6ED25853E3A006F3D9A /* AppDelegate.swift */ = {isa = PBXFileReference; lastKnownFileType = sourcecode.swift; path = AppDelegate.swift; sourceTree = "<group>"; };
		5771D6EF25853E3A006F3D9A /* SceneDelegate.swift */ = {isa = PBXFileReference; lastKnownFileType = sourcecode.swift; path = SceneDelegate.swift; sourceTree = "<group>"; };
		5771D6F125853E3A006F3D9A /* ViewController.swift */ = {isa = PBXFileReference; lastKnownFileType = sourcecode.swift; path = ViewController.swift; sourceTree = "<group>"; };
		5771D6F425853E3A006F3D9A /* Base */ = {isa = PBXFileReference; lastKnownFileType = file.storyboard; name = Base; path = Base.lproj/Main.storyboard; sourceTree = "<group>"; };
		5771D6F625853E3B006F3D9A /* Assets.xcassets */ = {isa = PBXFileReference; lastKnownFileType = folder.assetcatalog; path = Assets.xcassets; sourceTree = "<group>"; };
		5771D6F925853E3B006F3D9A /* Base */ = {isa = PBXFileReference; lastKnownFileType = file.storyboard; name = Base; path = Base.lproj/LaunchScreen.storyboard; sourceTree = "<group>"; };
		5771D6FB25853E3B006F3D9A /* Info.plist */ = {isa = PBXFileReference; lastKnownFileType = text.plist.xml; path = Info.plist; sourceTree = "<group>"; };
/* End PBXFileReference section */

/* Begin PBXFrameworksBuildPhase section */
		5771D6E725853E3A006F3D9A /* Frameworks */ = {
			isa = PBXFrameworksBuildPhase;
			buildActionMask = 2147483647;
			files = (
			);
			runOnlyForDeploymentPostprocessing = 0;
		};
/* End PBXFrameworksBuildPhase section */

/* Begin PBXGroup section */
		5771D6E125853E3A006F3D9A = {
			isa = PBXGroup;
			children = (
				5771D6EC25853E3A006F3D9A /* Authentication */,
				5771D6EB25853E3A006F3D9A /* Products */,
			);
			sourceTree = "<group>";
		};
		5771D6EB25853E3A006F3D9A /* Products */ = {
			isa = PBXGroup;
			children = (
				5771D6EA25853E3A006F3D9A /* Authentication.app */,
			);
			name = Products;
			sourceTree = "<group>";
		};
		5771D6EC25853E3A006F3D9A /* Authentication */ = {
			isa = PBXGroup;
			children = (
				5771D70925853F22006F3D9A /* Resources */,
				5771D70825853F1B006F3D9A /* Models */,
				5771D70725853EE8006F3D9A /* ViewControllers */,
				5771D70525853EB0006F3D9A /* Supporting Files */,
				5771D70325853E75006F3D9A /* Storyboards */,
			);
			path = Authentication;
			sourceTree = "<group>";
		};
		5771D70325853E75006F3D9A /* Storyboards */ = {
			isa = PBXGroup;
			children = (
				5771D6F325853E3A006F3D9A /* Main.storyboard */,
				5771D6F825853E3B006F3D9A /* LaunchScreen.storyboard */,
			);
			path = Storyboards;
			sourceTree = "<group>";
		};
		5771D70525853EB0006F3D9A /* Supporting Files */ = {
			isa = PBXGroup;
			children = (
				5771D6ED25853E3A006F3D9A /* AppDelegate.swift */,
				5771D6EF25853E3A006F3D9A /* SceneDelegate.swift */,
				5771D6FB25853E3B006F3D9A /* Info.plist */,
			);
			path = "Supporting Files";
			sourceTree = "<group>";
		};
		5771D70725853EE8006F3D9A /* ViewControllers */ = {
			isa = PBXGroup;
			children = (
				5771D6F125853E3A006F3D9A /* ViewController.swift */,
				5729C53A25864DC100AB07E1 /* ForgotPasswordView.swift */,
				57043E9825865C2D005773B7 /* ProfileView.swift */,
			);
			path = ViewControllers;
			sourceTree = "<group>";
		};
		5771D70825853F1B006F3D9A /* Models */ = {
			isa = PBXGroup;
			children = (
			);
			path = Models;
			sourceTree = "<group>";
		};
		5771D70925853F22006F3D9A /* Resources */ = {
			isa = PBXGroup;
			children = (
				5771D6F625853E3B006F3D9A /* Assets.xcassets */,
			);
			path = Resources;
			sourceTree = "<group>";
		};
/* End PBXGroup section */

/* Begin PBXNativeTarget section */
		5771D6E925853E3A006F3D9A /* Authentication */ = {
			isa = PBXNativeTarget;
			buildConfigurationList = 5771D6FE25853E3B006F3D9A /* Build configuration list for PBXNativeTarget "Authentication" */;
			buildPhases = (
				5771D6E625853E3A006F3D9A /* Sources */,
				5771D6E725853E3A006F3D9A /* Frameworks */,
				5771D6E825853E3A006F3D9A /* Resources */,
			);
			buildRules = (
			);
			dependencies = (
			);
			name = Authentication;
			productName = Authentication;
			productReference = 5771D6EA25853E3A006F3D9A /* Authentication.app */;
			productType = "com.apple.product-type.application";
		};
/* End PBXNativeTarget section */

/* Begin PBXProject section */
		5771D6E225853E3A006F3D9A /* Project object */ = {
			isa = PBXProject;
			attributes = {
				LastSwiftUpdateCheck = 1220;
				LastUpgradeCheck = 1220;
				TargetAttributes = {
					5771D6E925853E3A006F3D9A = {
						CreatedOnToolsVersion = 12.2;
					};
				};
			};
			buildConfigurationList = 5771D6E525853E3A006F3D9A /* Build configuration list for PBXProject "Authentication" */;
			compatibilityVersion = "Xcode 9.3";
			developmentRegion = en;
			hasScannedForEncodings = 0;
			knownRegions = (
				en,
				Base,
			);
			mainGroup = 5771D6E125853E3A006F3D9A;
			productRefGroup = 5771D6EB25853E3A006F3D9A /* Products */;
			projectDirPath = "";
			projectRoot = "";
			targets = (
				5771D6E925853E3A006F3D9A /* Authentication */,
			);
		};
/* End PBXProject section */

/* Begin PBXResourcesBuildPhase section */
		5771D6E825853E3A006F3D9A /* Resources */ = {
			isa = PBXResourcesBuildPhase;
			buildActionMask = 2147483647;
			files = (
				5771D6FA25853E3B006F3D9A /* LaunchScreen.storyboard in Resources */,
				5771D6F725853E3B006F3D9A /* Assets.xcassets in Resources */,
				5771D6F525853E3A006F3D9A /* Main.storyboard in Resources */,
			);
			runOnlyForDeploymentPostprocessing = 0;
		};
/* End PBXResourcesBuildPhase section */

/* Begin PBXSourcesBuildPhase section */
		5771D6E625853E3A006F3D9A /* Sources */ = {
			isa = PBXSourcesBuildPhase;
			buildActionMask = 2147483647;
			files = (
				5771D6F225853E3A006F3D9A /* ViewController.swift in Sources */,
				5771D6EE25853E3A006F3D9A /* AppDelegate.swift in Sources */,
				57043E9925865C2D005773B7 /* ProfileView.swift in Sources */,
				5729C53B25864DC100AB07E1 /* ForgotPasswordView.swift in Sources */,
				5771D6F025853E3A006F3D9A /* SceneDelegate.swift in Sources */,
			);
			runOnlyForDeploymentPostprocessing = 0;
		};
/* End PBXSourcesBuildPhase section */

/* Begin PBXVariantGroup section */
		5771D6F325853E3A006F3D9A /* Main.storyboard */ = {
			isa = PBXVariantGroup;
			children = (
				5771D6F425853E3A006F3D9A /* Base */,
			);
			name = Main.storyboard;
			sourceTree = "<group>";
		};
		5771D6F825853E3B006F3D9A /* LaunchScreen.storyboard */ = {
			isa = PBXVariantGroup;
			children = (
				5771D6F925853E3B006F3D9A /* Base */,
			);
			name = LaunchScreen.storyboard;
			sourceTree = "<group>";
		};
/* End PBXVariantGroup section */

/* Begin XCBuildConfiguration section */
		5771D6FC25853E3B006F3D9A /* Debug */ = {
			isa = XCBuildConfiguration;
			buildSettings = {
				ALWAYS_SEARCH_USER_PATHS = NO;
				CLANG_ANALYZER_NONNULL = YES;
				CLANG_ANALYZER_NUMBER_OBJECT_CONVERSION = YES_AGGRESSIVE;
				CLANG_CXX_LANGUAGE_STANDARD = "gnu++14";
				CLANG_CXX_LIBRARY = "libc++";
				CLANG_ENABLE_MODULES = YES;
				CLANG_ENABLE_OBJC_ARC = YES;
				CLANG_ENABLE_OBJC_WEAK = YES;
				CLANG_WARN_BLOCK_CAPTURE_AUTORELEASING = YES;
				CLANG_WARN_BOOL_CONVERSION = YES;
				CLANG_WARN_COMMA = YES;
				CLANG_WARN_CONSTANT_CONVERSION = YES;
				CLANG_WARN_DEPRECATED_OBJC_IMPLEMENTATIONS = YES;
				CLANG_WARN_DIRECT_OBJC_ISA_USAGE = YES_ERROR;
				CLANG_WARN_DOCUMENTATION_COMMENTS = YES;
				CLANG_WARN_EMPTY_BODY = YES;
				CLANG_WARN_ENUM_CONVERSION = YES;
				CLANG_WARN_INFINITE_RECURSION = YES;
				CLANG_WARN_INT_CONVERSION = YES;
				CLANG_WARN_NON_LITERAL_NULL_CONVERSION = YES;
				CLANG_WARN_OBJC_IMPLICIT_RETAIN_SELF = YES;
				CLANG_WARN_OBJC_LITERAL_CONVERSION = YES;
				CLANG_WARN_OBJC_ROOT_CLASS = YES_ERROR;
				CLANG_WARN_QUOTED_INCLUDE_IN_FRAMEWORK_HEADER = YES;
				CLANG_WARN_RANGE_LOOP_ANALYSIS = YES;
				CLANG_WARN_STRICT_PROTOTYPES = YES;
				CLANG_WARN_SUSPICIOUS_MOVE = YES;
				CLANG_WARN_UNGUARDED_AVAILABILITY = YES_AGGRESSIVE;
				CLANG_WARN_UNREACHABLE_CODE = YES;
				CLANG_WARN__DUPLICATE_METHOD_MATCH = YES;
				COPY_PHASE_STRIP = NO;
				DEBUG_INFORMATION_FORMAT = dwarf;
				ENABLE_STRICT_OBJC_MSGSEND = YES;
				ENABLE_TESTABILITY = YES;
				GCC_C_LANGUAGE_STANDARD = gnu11;
				GCC_DYNAMIC_NO_PIC = NO;
				GCC_NO_COMMON_BLOCKS = YES;
				GCC_OPTIMIZATION_LEVEL = 0;
				GCC_PREPROCESSOR_DEFINITIONS = (
					"DEBUG=1",
					"$(inherited)",
				);
				GCC_WARN_64_TO_32_BIT_CONVERSION = YES;
				GCC_WARN_ABOUT_RETURN_TYPE = YES_ERROR;
				GCC_WARN_UNDECLARED_SELECTOR = YES;
				GCC_WARN_UNINITIALIZED_AUTOS = YES_AGGRESSIVE;
				GCC_WARN_UNUSED_FUNCTION = YES;
				GCC_WARN_UNUSED_VARIABLE = YES;
				IPHONEOS_DEPLOYMENT_TARGET = 14.2;
				MTL_ENABLE_DEBUG_INFO = INCLUDE_SOURCE;
				MTL_FAST_MATH = YES;
				ONLY_ACTIVE_ARCH = YES;
				SDKROOT = iphoneos;
				SWIFT_ACTIVE_COMPILATION_CONDITIONS = DEBUG;
				SWIFT_OPTIMIZATION_LEVEL = "-Onone";
			};
			name = Debug;
		};
		5771D6FD25853E3B006F3D9A /* Release */ = {
			isa = XCBuildConfiguration;
			buildSettings = {
				ALWAYS_SEARCH_USER_PATHS = NO;
				CLANG_ANALYZER_NONNULL = YES;
				CLANG_ANALYZER_NUMBER_OBJECT_CONVERSION = YES_AGGRESSIVE;
				CLANG_CXX_LANGUAGE_STANDARD = "gnu++14";
				CLANG_CXX_LIBRARY = "libc++";
				CLANG_ENABLE_MODULES = YES;
				CLANG_ENABLE_OBJC_ARC = YES;
				CLANG_ENABLE_OBJC_WEAK = YES;
				CLANG_WARN_BLOCK_CAPTURE_AUTORELEASING = YES;
				CLANG_WARN_BOOL_CONVERSION = YES;
				CLANG_WARN_COMMA = YES;
				CLANG_WARN_CONSTANT_CONVERSION = YES;
				CLANG_WARN_DEPRECATED_OBJC_IMPLEMENTATIONS = YES;
				CLANG_WARN_DIRECT_OBJC_ISA_USAGE = YES_ERROR;
				CLANG_WARN_DOCUMENTATION_COMMENTS = YES;
				CLANG_WARN_EMPTY_BODY = YES;
				CLANG_WARN_ENUM_CONVERSION = YES;
				CLANG_WARN_INFINITE_RECURSION = YES;
				CLANG_WARN_INT_CONVERSION = YES;
				CLANG_WARN_NON_LITERAL_NULL_CONVERSION = YES;
				CLANG_WARN_OBJC_IMPLICIT_RETAIN_SELF = YES;
				CLANG_WARN_OBJC_LITERAL_CONVERSION = YES;
				CLANG_WARN_OBJC_ROOT_CLASS = YES_ERROR;
				CLANG_WARN_QUOTED_INCLUDE_IN_FRAMEWORK_HEADER = YES;
				CLANG_WARN_RANGE_LOOP_ANALYSIS = YES;
				CLANG_WARN_STRICT_PROTOTYPES = YES;
				CLANG_WARN_SUSPICIOUS_MOVE = YES;
				CLANG_WARN_UNGUARDED_AVAILABILITY = YES_AGGRESSIVE;
				CLANG_WARN_UNREACHABLE_CODE = YES;
				CLANG_WARN__DUPLICATE_METHOD_MATCH = YES;
				COPY_PHASE_STRIP = NO;
				DEBUG_INFORMATION_FORMAT = "dwarf-with-dsym";
				ENABLE_NS_ASSERTIONS = NO;
				ENABLE_STRICT_OBJC_MSGSEND = YES;
				GCC_C_LANGUAGE_STANDARD = gnu11;
				GCC_NO_COMMON_BLOCKS = YES;
				GCC_WARN_64_TO_32_BIT_CONVERSION = YES;
				GCC_WARN_ABOUT_RETURN_TYPE = YES_ERROR;
				GCC_WARN_UNDECLARED_SELECTOR = YES;
				GCC_WARN_UNINITIALIZED_AUTOS = YES_AGGRESSIVE;
				GCC_WARN_UNUSED_FUNCTION = YES;
				GCC_WARN_UNUSED_VARIABLE = YES;
				IPHONEOS_DEPLOYMENT_TARGET = 14.2;
				MTL_ENABLE_DEBUG_INFO = NO;
				MTL_FAST_MATH = YES;
				SDKROOT = iphoneos;
				SWIFT_COMPILATION_MODE = wholemodule;
				SWIFT_OPTIMIZATION_LEVEL = "-O";
				VALIDATE_PRODUCT = YES;
			};
			name = Release;
		};
		5771D6FF25853E3B006F3D9A /* Debug */ = {
			isa = XCBuildConfiguration;
			buildSettings = {
				ASSETCATALOG_COMPILER_APPICON_NAME = AppIcon;
				ASSETCATALOG_COMPILER_GLOBAL_ACCENT_COLOR_NAME = AccentColor;
				CODE_SIGN_STYLE = Automatic;
				DEVELOPMENT_TEAM = JDARHYT5KG;
				INFOPLIST_FILE = "Authentication/Supporting Files/Info.plist";
				IPHONEOS_DEPLOYMENT_TARGET = 13.0;
				LD_RUNPATH_SEARCH_PATHS = (
					"$(inherited)",
					"@executable_path/Frameworks",
				);
				PRODUCT_BUNDLE_IDENTIFIER = KB.Authentication;
				PRODUCT_NAME = "$(TARGET_NAME)";
				SWIFT_VERSION = 5.0;
				TARGETED_DEVICE_FAMILY = "1,2";
			};
			name = Debug;
		};
		5771D70025853E3B006F3D9A /* Release */ = {
			isa = XCBuildConfiguration;
			buildSettings = {
				ASSETCATALOG_COMPILER_APPICON_NAME = AppIcon;
				ASSETCATALOG_COMPILER_GLOBAL_ACCENT_COLOR_NAME = AccentColor;
				CODE_SIGN_STYLE = Automatic;
				DEVELOPMENT_TEAM = JDARHYT5KG;
				INFOPLIST_FILE = "Authentication/Supporting Files/Info.plist";
				IPHONEOS_DEPLOYMENT_TARGET = 13.0;
				LD_RUNPATH_SEARCH_PATHS = (
					"$(inherited)",
					"@executable_path/Frameworks",
				);
				PRODUCT_BUNDLE_IDENTIFIER = KB.Authentication;
				PRODUCT_NAME = "$(TARGET_NAME)";
				SWIFT_VERSION = 5.0;
				TARGETED_DEVICE_FAMILY = "1,2";
			};
			name = Release;
		};
/* End XCBuildConfiguration section */

/* Begin XCConfigurationList section */
		5771D6E525853E3A006F3D9A /* Build configuration list for PBXProject "Authentication" */ = {
			isa = XCConfigurationList;
			buildConfigurations = (
				5771D6FC25853E3B006F3D9A /* Debug */,
				5771D6FD25853E3B006F3D9A /* Release */,
			);
			defaultConfigurationIsVisible = 0;
			defaultConfigurationName = Release;
		};
		5771D6FE25853E3B006F3D9A /* Build configuration list for PBXNativeTarget "Authentication" */ = {
			isa = XCConfigurationList;
			buildConfigurations = (
				5771D6FF25853E3B006F3D9A /* Debug */,
				5771D70025853E3B006F3D9A /* Release */,
			);
			defaultConfigurationIsVisible = 0;
			defaultConfigurationName = Release;
		};
/* End XCConfigurationList section */
	};
	rootObject = 5771D6E225853E3A006F3D9A /* Project object */;
}
